
Microsoft Visual Studio Solution File, Format Version 12.00
# Visual Studio Version 17
VisualStudioVersion = 17.4.33110.190
MinimumVisualStudioVersion = 10.0.40219.1
Project("{9A19103F-16F7-4668-BE54-9A1E7A4F7556}") = "OnlineCinema.WebApi", "OnlineCinema.WebApi\OnlineCinema.WebApi.csproj", "{43A27C09-F85F-431C-B9D5-4C351ED90739}"
EndProject
Project("{9A19103F-16F7-4668-BE54-9A1E7A4F7556}") = "OnlineCinema.Data", "OnlineCinema.Data\OnlineCinema.Data.csproj", "{C88BA452-A8EA-4781-B6E8-C976B9FDBA7C}"
EndProject
Project("{FAE04EC0-301F-11D3-BF4B-00C04F79EFBC}") = "OnlineCinema.Logic", "OnlineCinema.Logic\OnlineCinema.Logic.csproj", "{CE4A65F7-EA2D-459B-A909-9B200D8C322D}"
EndProject
Project("{FAE04EC0-301F-11D3-BF4B-00C04F79EFBC}") = "OnlineCinema.Tests", "OnlineCinema.Tests\OnlineCinema.Tests.csproj", "{F3D1415F-D23F-481D-84D0-A19F06868549}"
EndProject
Global
	GlobalSection(SolutionConfigurationPlatforms) = preSolution
		Debug|Any CPU = Debug|Any CPU
		Release|Any CPU = Release|Any CPU
	EndGlobalSection
	GlobalSection(ProjectConfigurationPlatforms) = postSolution
		{43A27C09-F85F-431C-B9D5-4C351ED90739}.Debug|Any CPU.ActiveCfg = Debug|Any CPU
		{43A27C09-F85F-431C-B9D5-4C351ED90739}.Debug|Any CPU.Build.0 = Debug|Any CPU
		{43A27C09-F85F-431C-B9D5-4C351ED90739}.Release|Any CPU.ActiveCfg = Release|Any CPU
		{43A27C09-F85F-431C-B9D5-4C351ED90739}.Release|Any CPU.Build.0 = Release|Any CPU
		{C88BA452-A8EA-4781-B6E8-C976B9FDBA7C}.Debug|Any CPU.ActiveCfg = Debug|Any CPU
		{C88BA452-A8EA-4781-B6E8-C976B9FDBA7C}.Debug|Any CPU.Build.0 = Debug|Any CPU
		{C88BA452-A8EA-4781-B6E8-C976B9FDBA7C}.Release|Any CPU.ActiveCfg = Release|Any CPU
		{C88BA452-A8EA-4781-B6E8-C976B9FDBA7C}.Release|Any CPU.Build.0 = Release|Any CPU
		{CE4A65F7-EA2D-459B-A909-9B200D8C322D}.Debug|Any CPU.ActiveCfg = Debug|Any CPU
		{CE4A65F7-EA2D-459B-A909-9B200D8C322D}.Debug|Any CPU.Build.0 = Debug|Any CPU
		{CE4A65F7-EA2D-459B-A909-9B200D8C322D}.Release|Any CPU.ActiveCfg = Release|Any CPU
		{CE4A65F7-EA2D-459B-A909-9B200D8C322D}.Release|Any CPU.Build.0 = Release|Any CPU
		{F3D1415F-D23F-481D-84D0-A19F06868549}.Debug|Any CPU.ActiveCfg = Debug|Any CPU
		{F3D1415F-D23F-481D-84D0-A19F06868549}.Debug|Any CPU.Build.0 = Debug|Any CPU
		{F3D1415F-D23F-481D-84D0-A19F06868549}.Release|Any CPU.ActiveCfg = Release|Any CPU
		{F3D1415F-D23F-481D-84D0-A19F06868549}.Release|Any CPU.Build.0 = Release|Any CPU
	EndGlobalSection
	GlobalSection(SolutionProperties) = preSolution
		HideSolutionNode = FALSE
	EndGlobalSection
	GlobalSection(ExtensibilityGlobals) = postSolution
		SolutionGuid = {22B74130-884A-4588-8AB2-DDFE8BC17ADD}
	EndGlobalSection
EndGlobal
